PODS:
  - Backendless (5.1.6):
    - Socket.IO-Client-Swift
  - GoogleAPIClient/Calendar (1.0.5):
    - GoogleAPIClient/Core
    - GTMSessionFetcher (~> 1.1)
  - GoogleAPIClient/Core (1.0.5):
    - GTMSessionFetcher (~> 1.1)
  - GoogleSignIn (4.3.0):
    - "GoogleToolboxForMac/NSDictionary+URLArguments (~> 2.1)"
    - "GoogleToolboxForMac/NSString+URLArguments (~> 2.1)"
    - GTMOAuth2 (~> 1.0)
    - GTMSessionFetcher/Core (~> 1.1)
  - GoogleToolboxForMac/DebugUtils (2.1.4):
    - GoogleToolboxForMac/Defines (= 2.1.4)
  - GoogleToolboxForMac/Defines (2.1.4)
  - "GoogleToolboxForMac/NSDictionary+URLArguments (2.1.4)":
    - GoogleToolboxForMac/DebugUtils (= 2.1.4)
    - GoogleToolboxForMac/Defines (= 2.1.4)
    - "GoogleToolboxForMac/NSString+URLArguments (= 2.1.4)"
  - "GoogleToolboxForMac/NSString+URLArguments (2.1.4)"
  - GTMOAuth2 (1.1.6):
    - GTMSessionFetcher (~> 1.1)
  - GTMSessionFetcher (1.2.0):
    - GTMSessionFetcher/Full (= 1.2.0)
  - GTMSessionFetcher/Core (1.2.0)
  - GTMSessionFetcher/Full (1.2.0):
    - GTMSessionFetcher/Core (= 1.2.0)
  - Socket.IO-Client-Swift (13.3.0):
    - Starscream (~> 3.0.2)
  - Starscream (3.0.5)

DEPENDENCIES:
  - Backendless
  - GoogleAPIClient/Calendar
  - GoogleSignIn

SPEC REPOS:
  https://github.com/cocoapods/specs.git:
    - Backendless
    - GoogleAPIClient
    - GoogleSignIn
    - GoogleToolboxForMac
    - GTMOAuth2
    - GTMSessionFetcher
    - Socket.IO-Client-Swift
    - Starscream

SPEC CHECKSUMS:
  Backendless: 259915a361b0781099c463265ab8d1b8de298557
  GoogleAPIClient: 77df755d41d70ee5a99b7b752614fbb439f19438
  GoogleSignIn: 11183592dc63e105475c7305a325045ff95e02b7
  GoogleToolboxForMac: 91c824d21e85b31c2aae9bb011c5027c9b4e738f
  GTMOAuth2: c77fe325e4acd453837e72d91e3b5f13116857b2
  GTMSessionFetcher: 0c4baf0a73acd0041bf9f71ea018deedab5ea84e
  Socket.IO-Client-Swift: 0afb192a562db90d50e3f7f7421c06925a3f0179
  Starscream: faf918b2f2eff7d5dd21180646bf015a669673bd

PODFILE CHECKSUM: e2cdd09859ed5f5746ca1ea5bfa49b65ef8b7401

COCOAPODS: 1.5.3
